
Microsoft Visual Studio Solution File, Format Version 12.00
# Visual Studio 15
VisualStudioVersion = 15.0.27703.2000
MinimumVisualStudioVersion = 10.0.40219.1
Project("{FAE04EC0-301F-11D3-BF4B-00C04F79EFBC}") = "StartUp.API", "StarUp.API\StartUp.API.csproj", "{502E4759-4E37-4A47-A463-22AA9D154B90}"
EndProject
Project("{FAE04EC0-301F-11D3-BF4B-00C04F79EFBC}") = "StartUp.Data", "StartUp.Data\StartUp.Data.csproj", "{BBAE46E2-2879-4026-BFD5-F1D205F83061}"
EndProject
Project("{FAE04EC0-301F-11D3-BF4B-00C04F79EFBC}") = "StartUp.Service", "StartUp.Service\StartUp.Service.csproj", "{1A35B52D-E540-4AAC-B02E-2921192BF56E}"
EndProject
Global
	GlobalSection(SolutionConfigurationPlatforms) = preSolution
		Debug|Any CPU = Debug|Any CPU
		Release|Any CPU = Release|Any CPU
	EndGlobalSection
	GlobalSection(ProjectConfigurationPlatforms) = postSolution
		{502E4759-4E37-4A47-A463-22AA9D154B90}.Debug|Any CPU.ActiveCfg = Debug|Any CPU
		{502E4759-4E37-4A47-A463-22AA9D154B90}.Debug|Any CPU.Build.0 = Debug|Any CPU
		{502E4759-4E37-4A47-A463-22AA9D154B90}.Release|Any CPU.ActiveCfg = Release|Any CPU
		{502E4759-4E37-4A47-A463-22AA9D154B90}.Release|Any CPU.Build.0 = Release|Any CPU
		{BBAE46E2-2879-4026-BFD5-F1D205F83061}.Debug|Any CPU.ActiveCfg = Debug|Any CPU
		{BBAE46E2-2879-4026-BFD5-F1D205F83061}.Debug|Any CPU.Build.0 = Debug|Any CPU
		{BBAE46E2-2879-4026-BFD5-F1D205F83061}.Release|Any CPU.ActiveCfg = Release|Any CPU
		{BBAE46E2-2879-4026-BFD5-F1D205F83061}.Release|Any CPU.Build.0 = Release|Any CPU
		{1A35B52D-E540-4AAC-B02E-2921192BF56E}.Debug|Any CPU.ActiveCfg = Debug|Any CPU
		{1A35B52D-E540-4AAC-B02E-2921192BF56E}.Debug|Any CPU.Build.0 = Debug|Any CPU
		{1A35B52D-E540-4AAC-B02E-2921192BF56E}.Release|Any CPU.ActiveCfg = Release|Any CPU
		{1A35B52D-E540-4AAC-B02E-2921192BF56E}.Release|Any CPU.Build.0 = Release|Any CPU
	EndGlobalSection
	GlobalSection(SolutionProperties) = preSolution
		HideSolutionNode = FALSE
	EndGlobalSection
	GlobalSection(ExtensibilityGlobals) = postSolution
		SolutionGuid = {1AE1DC21-2652-4C94-A8FC-C5A7CF332DAF}
	EndGlobalSection
EndGlobal
